
Microsoft Visual Studio Solution File, Format Version 12.00
# Visual Studio 15
VisualStudioVersion = 15.0.26430.6
MinimumVisualStudioVersion = 10.0.40219.1
Project("{FAE04EC0-301F-11D3-BF4B-00C04F79EFBC}") = "XFilesArchive.UI", "XFilesArchive.UI\XFilesArchive.UI.csproj", "{0FBF4F7C-1FE4-4912-8897-582A7E6430FF}"
EndProject
Project("{FAE04EC0-301F-11D3-BF4B-00C04F79EFBC}") = "XFilesArchive.DataAccess", "XFilesArchive.DataAccess\XFilesArchive.DataAccess.csproj", "{9280AFAF-7FBD-40CC-89BD-A04F3B848A18}"
EndProject
Project("{FAE04EC0-301F-11D3-BF4B-00C04F79EFBC}") = "XFilesArchive.Model", "XFilesArchive.Model\XFilesArchive.Model.csproj", "{979AB583-300E-4E02-A45A-3503FC4B7416}"
EndProject
Project("{FAE04EC0-301F-11D3-BF4B-00C04F79EFBC}") = "XFilesArchive.Infrastructure", "XFilesArchive.Infrastructure\XFilesArchive.Infrastructure.csproj", "{B8FE85FA-910A-41C5-982D-4ADF148CDAD9}"
EndProject
Project("{FAE04EC0-301F-11D3-BF4B-00C04F79EFBC}") = "XFilesArchive.Search", "XFilesArchive.Search\XFilesArchive.Search.csproj", "{BBEEBC3D-5864-4A1B-B551-206CDF379643}"
EndProject
Project("{FAE04EC0-301F-11D3-BF4B-00C04F79EFBC}") = "XFilesArchive.Services", "XFilesArchive.Services\XFilesArchive.Services.csproj", "{784512C0-EFA7-475D-9B81-8C4E039D7442}"
EndProject
Project("{FAE04EC0-301F-11D3-BF4B-00C04F79EFBC}") = "XFilesArchive.Security", "XFilesArchive.Security\XFilesArchive.Security.csproj", "{CD96BAF8-B25C-4F4F-9E8C-62A88B517723}"
EndProject
Project("{00D1A9C2-B5F0-4AF3-8072-F6C62B433612}") = "XFilesArchive.SQL", "XFilesArchive.SQL\XFilesArchive.SQL.sqlproj", "{61731EC8-90EB-4368-B470-29DC0DCB0B79}"
EndProject
Project("{FAE04EC0-301F-11D3-BF4B-00C04F79EFBC}") = "XFilesArchive.Web", "XFilesArchive.Web\XFilesArchive.Web.csproj", "{52B4CC8F-5A93-433D-AD60-B854530DDCD1}"
EndProject
Project("{930C7802-8A8C-48F9-8165-68863BCCD9DD}") = "XFilesArchive.Bootstrapper", "XFilesArchive.Bootstrapper\XFilesArchive.Bootstrapper.wixproj", "{C096CA50-2DB9-4C61-9802-110AFBB3A769}"
EndProject
Project("{930C7802-8A8C-48F9-8165-68863BCCD9DD}") = "XFilesArchive.SetupProject", "XFilesArchive.SetupProject\XFilesArchive.SetupProject.wixproj", "{8CFA651D-254D-406B-8DBF-C34CB5E3B1F3}"
EndProject
Global
	GlobalSection(SolutionConfigurationPlatforms) = preSolution
		Debug|Any CPU = Debug|Any CPU
		Debug|x64 = Debug|x64
		Debug|x86 = Debug|x86
		Release|Any CPU = Release|Any CPU
		Release|x64 = Release|x64
		Release|x86 = Release|x86
	EndGlobalSection
	GlobalSection(ProjectConfigurationPlatforms) = postSolution
		{0FBF4F7C-1FE4-4912-8897-582A7E6430FF}.Debug|Any CPU.ActiveCfg = Debug|Any CPU
		{0FBF4F7C-1FE4-4912-8897-582A7E6430FF}.Debug|Any CPU.Build.0 = Debug|Any CPU
		{0FBF4F7C-1FE4-4912-8897-582A7E6430FF}.Debug|x64.ActiveCfg = Debug|Any CPU
		{0FBF4F7C-1FE4-4912-8897-582A7E6430FF}.Debug|x64.Build.0 = Debug|Any CPU
		{0FBF4F7C-1FE4-4912-8897-582A7E6430FF}.Debug|x86.ActiveCfg = Debug|Any CPU
		{0FBF4F7C-1FE4-4912-8897-582A7E6430FF}.Debug|x86.Build.0 = Debug|Any CPU
		{0FBF4F7C-1FE4-4912-8897-582A7E6430FF}.Release|Any CPU.ActiveCfg = Release|Any CPU
		{0FBF4F7C-1FE4-4912-8897-582A7E6430FF}.Release|Any CPU.Build.0 = Release|Any CPU
		{0FBF4F7C-1FE4-4912-8897-582A7E6430FF}.Release|x64.ActiveCfg = Release|Any CPU
		{0FBF4F7C-1FE4-4912-8897-582A7E6430FF}.Release|x64.Build.0 = Release|Any CPU
		{0FBF4F7C-1FE4-4912-8897-582A7E6430FF}.Release|x86.ActiveCfg = Release|Any CPU
		{0FBF4F7C-1FE4-4912-8897-582A7E6430FF}.Release|x86.Build.0 = Release|Any CPU
		{9280AFAF-7FBD-40CC-89BD-A04F3B848A18}.Debug|Any CPU.ActiveCfg = Debug|Any CPU
		{9280AFAF-7FBD-40CC-89BD-A04F3B848A18}.Debug|Any CPU.Build.0 = Debug|Any CPU
		{9280AFAF-7FBD-40CC-89BD-A04F3B848A18}.Debug|x64.ActiveCfg = Debug|Any CPU
		{9280AFAF-7FBD-40CC-89BD-A04F3B848A18}.Debug|x64.Build.0 = Debug|Any CPU
		{9280AFAF-7FBD-40CC-89BD-A04F3B848A18}.Debug|x86.ActiveCfg = Debug|Any CPU
		{9280AFAF-7FBD-40CC-89BD-A04F3B848A18}.Debug|x86.Build.0 = Debug|Any CPU
		{9280AFAF-7FBD-40CC-89BD-A04F3B848A18}.Release|Any CPU.ActiveCfg = Release|Any CPU
		{9280AFAF-7FBD-40CC-89BD-A04F3B848A18}.Release|Any CPU.Build.0 = Release|Any CPU
		{9280AFAF-7FBD-40CC-89BD-A04F3B848A18}.Release|x64.ActiveCfg = Release|Any CPU
		{9280AFAF-7FBD-40CC-89BD-A04F3B848A18}.Release|x64.Build.0 = Release|Any CPU
		{9280AFAF-7FBD-40CC-89BD-A04F3B848A18}.Release|x86.ActiveCfg = Release|Any CPU
		{9280AFAF-7FBD-40CC-89BD-A04F3B848A18}.Release|x86.Build.0 = Release|Any CPU
		{979AB583-300E-4E02-A45A-3503FC4B7416}.Debug|Any CPU.ActiveCfg = Debug|Any CPU
		{979AB583-300E-4E02-A45A-3503FC4B7416}.Debug|Any CPU.Build.0 = Debug|Any CPU
		{979AB583-300E-4E02-A45A-3503FC4B7416}.Debug|x64.ActiveCfg = Debug|Any CPU
		{979AB583-300E-4E02-A45A-3503FC4B7416}.Debug|x64.Build.0 = Debug|Any CPU
		{979AB583-300E-4E02-A45A-3503FC4B7416}.Debug|x86.ActiveCfg = Debug|Any CPU
		{979AB583-300E-4E02-A45A-3503FC4B7416}.Debug|x86.Build.0 = Debug|Any CPU
		{979AB583-300E-4E02-A45A-3503FC4B7416}.Release|Any CPU.ActiveCfg = Release|Any CPU
		{979AB583-300E-4E02-A45A-3503FC4B7416}.Release|Any CPU.Build.0 = Release|Any CPU
		{979AB583-300E-4E02-A45A-3503FC4B7416}.Release|x64.ActiveCfg = Release|Any CPU
		{979AB583-300E-4E02-A45A-3503FC4B7416}.Release|x64.Build.0 = Release|Any CPU
		{979AB583-300E-4E02-A45A-3503FC4B7416}.Release|x86.ActiveCfg = Release|Any CPU
		{979AB583-300E-4E02-A45A-3503FC4B7416}.Release|x86.Build.0 = Release|Any CPU
		{B8FE85FA-910A-41C5-982D-4ADF148CDAD9}.Debug|Any CPU.ActiveCfg = Debug|Any CPU
		{B8FE85FA-910A-41C5-982D-4ADF148CDAD9}.Debug|Any CPU.Build.0 = Debug|Any CPU
		{B8FE85FA-910A-41C5-982D-4ADF148CDAD9}.Debug|x64.ActiveCfg = Debug|Any CPU
		{B8FE85FA-910A-41C5-982D-4ADF148CDAD9}.Debug|x64.Build.0 = Debug|Any CPU
		{B8FE85FA-910A-41C5-982D-4ADF148CDAD9}.Debug|x86.ActiveCfg = Debug|Any CPU
		{B8FE85FA-910A-41C5-982D-4ADF148CDAD9}.Debug|x86.Build.0 = Debug|Any CPU
		{B8FE85FA-910A-41C5-982D-4ADF148CDAD9}.Release|Any CPU.ActiveCfg = Release|Any CPU
		{B8FE85FA-910A-41C5-982D-4ADF148CDAD9}.Release|Any CPU.Build.0 = Release|Any CPU
		{B8FE85FA-910A-41C5-982D-4ADF148CDAD9}.Release|x64.ActiveCfg = Release|Any CPU
		{B8FE85FA-910A-41C5-982D-4ADF148CDAD9}.Release|x64.Build.0 = Release|Any CPU
		{B8FE85FA-910A-41C5-982D-4ADF148CDAD9}.Release|x86.ActiveCfg = Release|Any CPU
		{B8FE85FA-910A-41C5-982D-4ADF148CDAD9}.Release|x86.Build.0 = Release|Any CPU
		{BBEEBC3D-5864-4A1B-B551-206CDF379643}.Debug|Any CPU.ActiveCfg = Debug|Any CPU
		{BBEEBC3D-5864-4A1B-B551-206CDF379643}.Debug|Any CPU.Build.0 = Debug|Any CPU
		{BBEEBC3D-5864-4A1B-B551-206CDF379643}.Debug|x64.ActiveCfg = Debug|Any CPU
		{BBEEBC3D-5864-4A1B-B551-206CDF379643}.Debug|x64.Build.0 = Debug|Any CPU
		{BBEEBC3D-5864-4A1B-B551-206CDF379643}.Debug|x86.ActiveCfg = Debug|Any CPU
		{BBEEBC3D-5864-4A1B-B551-206CDF379643}.Debug|x86.Build.0 = Debug|Any CPU
		{BBEEBC3D-5864-4A1B-B551-206CDF379643}.Release|Any CPU.ActiveCfg = Release|Any CPU
		{BBEEBC3D-5864-4A1B-B551-206CDF379643}.Release|Any CPU.Build.0 = Release|Any CPU
		{BBEEBC3D-5864-4A1B-B551-206CDF379643}.Release|x64.ActiveCfg = Release|Any CPU
		{BBEEBC3D-5864-4A1B-B551-206CDF379643}.Release|x64.Build.0 = Release|Any CPU
		{BBEEBC3D-5864-4A1B-B551-206CDF379643}.Release|x86.ActiveCfg = Release|Any CPU
		{BBEEBC3D-5864-4A1B-B551-206CDF379643}.Release|x86.Build.0 = Release|Any CPU
		{784512C0-EFA7-475D-9B81-8C4E039D7442}.Debug|Any CPU.ActiveCfg = Debug|Any CPU
		{784512C0-EFA7-475D-9B81-8C4E039D7442}.Debug|Any CPU.Build.0 = Debug|Any CPU
		{784512C0-EFA7-475D-9B81-8C4E039D7442}.Debug|x64.ActiveCfg = Debug|Any CPU
		{784512C0-EFA7-475D-9B81-8C4E039D7442}.Debug|x64.Build.0 = Debug|Any CPU
		{784512C0-EFA7-475D-9B81-8C4E039D7442}.Debug|x86.ActiveCfg = Debug|Any CPU
		{784512C0-EFA7-475D-9B81-8C4E039D7442}.Debug|x86.Build.0 = Debug|Any CPU
		{784512C0-EFA7-475D-9B81-8C4E039D7442}.Release|Any CPU.ActiveCfg = Release|Any CPU
		{784512C0-EFA7-475D-9B81-8C4E039D7442}.Release|Any CPU.Build.0 = Release|Any CPU
		{784512C0-EFA7-475D-9B81-8C4E039D7442}.Release|x64.ActiveCfg = Release|Any CPU
		{784512C0-EFA7-475D-9B81-8C4E039D7442}.Release|x64.Build.0 = Release|Any CPU
		{784512C0-EFA7-475D-9B81-8C4E039D7442}.Release|x86.ActiveCfg = Release|Any CPU
		{784512C0-EFA7-475D-9B81-8C4E039D7442}.Release|x86.Build.0 = Release|Any CPU
		{CD96BAF8-B25C-4F4F-9E8C-62A88B517723}.Debug|Any CPU.ActiveCfg = Debug|Any CPU
		{CD96BAF8-B25C-4F4F-9E8C-62A88B517723}.Debug|Any CPU.Build.0 = Debug|Any CPU
		{CD96BAF8-B25C-4F4F-9E8C-62A88B517723}.Debug|x64.ActiveCfg = Debug|Any CPU
		{CD96BAF8-B25C-4F4F-9E8C-62A88B517723}.Debug|x64.Build.0 = Debug|Any CPU
		{CD96BAF8-B25C-4F4F-9E8C-62A88B517723}.Debug|x86.ActiveCfg = Debug|Any CPU
		{CD96BAF8-B25C-4F4F-9E8C-62A88B517723}.Debug|x86.Build.0 = Debug|Any CPU
		{CD96BAF8-B25C-4F4F-9E8C-62A88B517723}.Release|Any CPU.ActiveCfg = Release|Any CPU
		{CD96BAF8-B25C-4F4F-9E8C-62A88B517723}.Release|Any CPU.Build.0 = Release|Any CPU
		{CD96BAF8-B25C-4F4F-9E8C-62A88B517723}.Release|x64.ActiveCfg = Release|Any CPU
		{CD96BAF8-B25C-4F4F-9E8C-62A88B517723}.Release|x64.Build.0 = Release|Any CPU
		{CD96BAF8-B25C-4F4F-9E8C-62A88B517723}.Release|x86.ActiveCfg = Release|Any CPU
		{CD96BAF8-B25C-4F4F-9E8C-62A88B517723}.Release|x86.Build.0 = Release|Any CPU
		{61731EC8-90EB-4368-B470-29DC0DCB0B79}.Debug|Any CPU.ActiveCfg = Debug|Any CPU
		{61731EC8-90EB-4368-B470-29DC0DCB0B79}.Debug|Any CPU.Build.0 = Debug|Any CPU
		{61731EC8-90EB-4368-B470-29DC0DCB0B79}.Debug|Any CPU.Deploy.0 = Debug|Any CPU
		{61731EC8-90EB-4368-B470-29DC0DCB0B79}.Debug|x64.ActiveCfg = Debug|Any CPU
		{61731EC8-90EB-4368-B470-29DC0DCB0B79}.Debug|x64.Build.0 = Debug|Any CPU
		{61731EC8-90EB-4368-B470-29DC0DCB0B79}.Debug|x64.Deploy.0 = Debug|Any CPU
		{61731EC8-90EB-4368-B470-29DC0DCB0B79}.Debug|x86.ActiveCfg = Debug|Any CPU
		{61731EC8-90EB-4368-B470-29DC0DCB0B79}.Debug|x86.Build.0 = Debug|Any CPU
		{61731EC8-90EB-4368-B470-29DC0DCB0B79}.Debug|x86.Deploy.0 = Debug|Any CPU
		{61731EC8-90EB-4368-B470-29DC0DCB0B79}.Release|Any CPU.ActiveCfg = Release|Any CPU
		{61731EC8-90EB-4368-B470-29DC0DCB0B79}.Release|Any CPU.Build.0 = Release|Any CPU
		{61731EC8-90EB-4368-B470-29DC0DCB0B79}.Release|Any CPU.Deploy.0 = Release|Any CPU
		{61731EC8-90EB-4368-B470-29DC0DCB0B79}.Release|x64.ActiveCfg = Release|Any CPU
		{61731EC8-90EB-4368-B470-29DC0DCB0B79}.Release|x64.Build.0 = Release|Any CPU
		{61731EC8-90EB-4368-B470-29DC0DCB0B79}.Release|x64.Deploy.0 = Release|Any CPU
		{61731EC8-90EB-4368-B470-29DC0DCB0B79}.Release|x86.ActiveCfg = Release|Any CPU
		{61731EC8-90EB-4368-B470-29DC0DCB0B79}.Release|x86.Build.0 = Release|Any CPU
		{61731EC8-90EB-4368-B470-29DC0DCB0B79}.Release|x86.Deploy.0 = Release|Any CPU
		{52B4CC8F-5A93-433D-AD60-B854530DDCD1}.Debug|Any CPU.ActiveCfg = Debug|Any CPU
		{52B4CC8F-5A93-433D-AD60-B854530DDCD1}.Debug|Any CPU.Build.0 = Debug|Any CPU
		{52B4CC8F-5A93-433D-AD60-B854530DDCD1}.Debug|x64.ActiveCfg = Debug|Any CPU
		{52B4CC8F-5A93-433D-AD60-B854530DDCD1}.Debug|x64.Build.0 = Debug|Any CPU
		{52B4CC8F-5A93-433D-AD60-B854530DDCD1}.Debug|x86.ActiveCfg = Debug|Any CPU
		{52B4CC8F-5A93-433D-AD60-B854530DDCD1}.Debug|x86.Build.0 = Debug|Any CPU
		{52B4CC8F-5A93-433D-AD60-B854530DDCD1}.Release|Any CPU.ActiveCfg = Release|Any CPU
		{52B4CC8F-5A93-433D-AD60-B854530DDCD1}.Release|Any CPU.Build.0 = Release|Any CPU
		{52B4CC8F-5A93-433D-AD60-B854530DDCD1}.Release|x64.ActiveCfg = Release|Any CPU
		{52B4CC8F-5A93-433D-AD60-B854530DDCD1}.Release|x64.Build.0 = Release|Any CPU
		{52B4CC8F-5A93-433D-AD60-B854530DDCD1}.Release|x86.ActiveCfg = Release|Any CPU
		{52B4CC8F-5A93-433D-AD60-B854530DDCD1}.Release|x86.Build.0 = Release|Any CPU
		{C096CA50-2DB9-4C61-9802-110AFBB3A769}.Debug|Any CPU.ActiveCfg = Debug|x86
		{C096CA50-2DB9-4C61-9802-110AFBB3A769}.Debug|x64.ActiveCfg = Debug|x86
		{C096CA50-2DB9-4C61-9802-110AFBB3A769}.Debug|x86.ActiveCfg = Debug|x86
		{C096CA50-2DB9-4C61-9802-110AFBB3A769}.Debug|x86.Build.0 = Debug|x86
		{C096CA50-2DB9-4C61-9802-110AFBB3A769}.Release|Any CPU.ActiveCfg = Release|x86
		{C096CA50-2DB9-4C61-9802-110AFBB3A769}.Release|x64.ActiveCfg = Release|x86
		{C096CA50-2DB9-4C61-9802-110AFBB3A769}.Release|x86.ActiveCfg = Release|x86
		{C096CA50-2DB9-4C61-9802-110AFBB3A769}.Release|x86.Build.0 = Release|x86
		{8CFA651D-254D-406B-8DBF-C34CB5E3B1F3}.Debug|Any CPU.ActiveCfg = Debug|x86
		{8CFA651D-254D-406B-8DBF-C34CB5E3B1F3}.Debug|x64.ActiveCfg = Debug|x86
		{8CFA651D-254D-406B-8DBF-C34CB5E3B1F3}.Debug|x86.ActiveCfg = Debug|x86
		{8CFA651D-254D-406B-8DBF-C34CB5E3B1F3}.Debug|x86.Build.0 = Debug|x86
		{8CFA651D-254D-406B-8DBF-C34CB5E3B1F3}.Release|Any CPU.ActiveCfg = Release|x86
		{8CFA651D-254D-406B-8DBF-C34CB5E3B1F3}.Release|x64.ActiveCfg = Release|x86
		{8CFA651D-254D-406B-8DBF-C34CB5E3B1F3}.Release|x86.ActiveCfg = Release|x86
		{8CFA651D-254D-406B-8DBF-C34CB5E3B1F3}.Release|x86.Build.0 = Release|x86
	EndGlobalSection
	GlobalSection(SolutionProperties) = preSolution
		HideSolutionNode = FALSE
	EndGlobalSection
	GlobalSection(ExtensibilityGlobals) = postSolution
		SolutionGuid = {18122A12-E26B-4CDE-B5B3-D9DCDD10A0BB}
	EndGlobalSection
EndGlobal
